
Microsoft Visual Studio Solution File, Format Version 12.00
# Visual Studio Version 16
VisualStudioVersion = 16.0.31019.35
MinimumVisualStudioVersion = 10.0.40219.1
Project("{FAE04EC0-301F-11D3-BF4B-00C04F79EFBC}") = "ExamplePageInteractionEventHandler", "ExamplePageInteractionEventHandler.csproj", "{81DB139E-EC16-4620-AF05-87F0B40172E5}"
EndProject
Global
	GlobalSection(SolutionConfigurationPlatforms) = preSolution
		Debug|Any CPU = Debug|Any CPU
		Release|Any CPU = Release|Any CPU
	EndGlobalSection
	GlobalSection(ProjectConfigurationPlatforms) = postSolution
		{81DB139E-EC16-4620-AF05-87F0B40172E5}.Debug|Any CPU.ActiveCfg = Debug|Any CPU
		{81DB139E-EC16-4620-AF05-87F0B40172E5}.Debug|Any CPU.Build.0 = Debug|Any CPU
		{81DB139E-EC16-4620-AF05-87F0B40172E5}.Release|Any CPU.ActiveCfg = Release|Any CPU
		{81DB139E-EC16-4620-AF05-87F0B40172E5}.Release|Any CPU.Build.0 = Release|Any CPU
	EndGlobalSection
	GlobalSection(SolutionProperties) = preSolution
		HideSolutionNode = FALSE
	EndGlobalSection
	GlobalSection(ExtensibilityGlobals) = postSolution
		SolutionGuid = {405281EB-F400-43F6-B256-0945BCFD4A73}
	EndGlobalSection
EndGlobal
