
Microsoft Visual Studio Solution File, Format Version 12.00
# Visual Studio Version 16
VisualStudioVersion = 16.0.30717.126
MinimumVisualStudioVersion = 10.0.40219.1
Project("{FAE04EC0-301F-11D3-BF4B-00C04F79EFBC}") = "EH Fiddle", "EH Fiddle.csproj", "{D1316A39-0BAF-48A7-B88C-F38EAC9EB56C}"
EndProject
Global
	GlobalSection(SolutionConfigurationPlatforms) = preSolution
		Debug|Any CPU = Debug|Any CPU
		Release|Any CPU = Release|Any CPU
	EndGlobalSection
	GlobalSection(ProjectConfigurationPlatforms) = postSolution
		{D1316A39-0BAF-48A7-B88C-F38EAC9EB56C}.Debug|Any CPU.ActiveCfg = Debug|Any CPU
		{D1316A39-0BAF-48A7-B88C-F38EAC9EB56C}.Debug|Any CPU.Build.0 = Debug|Any CPU
		{D1316A39-0BAF-48A7-B88C-F38EAC9EB56C}.Release|Any CPU.ActiveCfg = Release|Any CPU
		{D1316A39-0BAF-48A7-B88C-F38EAC9EB56C}.Release|Any CPU.Build.0 = Release|Any CPU
	EndGlobalSection
	GlobalSection(SolutionProperties) = preSolution
		HideSolutionNode = FALSE
	EndGlobalSection
	GlobalSection(ExtensibilityGlobals) = postSolution
		SolutionGuid = {73DF16C3-D44C-4AF4-A70F-0FA6AAFB8F45}
	EndGlobalSection
EndGlobal
